
Microsoft Visual Studio Solution File, Format Version 12.00
# Visual Studio 15
VisualStudioVersion = 15.0.28307.1145
MinimumVisualStudioVersion = 10.0.40219.1
Project("{FAE04EC0-301F-11D3-BF4B-00C04F79EFBC}") = "Xap.Infrastructure", "XapInfrastructure\Xap.Infrastructure.csproj", "{05F6DFD6-B5B9-4761-B63B-B601378347C1}"
EndProject
Project("{FAE04EC0-301F-11D3-BF4B-00C04F79EFBC}") = "Xap.Xml.Configuration", "XapConfigurationXml\Xap.Xml.Configuration.csproj", "{8A0C4BCD-2D96-4A03-A960-65DF47AACBF2}"
EndProject
Project("{FAE04EC0-301F-11D3-BF4B-00C04F79EFBC}") = "Xap.Data.Db2", "XapDataDb2\Xap.Data.Db2.csproj", "{A6C48C0F-B5AD-4517-86E3-AAFC524A190E}"
EndProject
Project("{FAE04EC0-301F-11D3-BF4B-00C04F79EFBC}") = "Xap.Data.Factory", "XapDataFactory\Xap.Data.Factory.csproj", "{301B3C6B-5069-4227-92FE-C35EB4253E0D}"
EndProject
Project("{FAE04EC0-301F-11D3-BF4B-00C04F79EFBC}") = "Xap.Data.Odbc", "XapDataOdbc\Xap.Data.Odbc.csproj", "{A29C380B-69DE-4D69-92C3-27F4B979C1E9}"
EndProject
Project("{FAE04EC0-301F-11D3-BF4B-00C04F79EFBC}") = "Xap.Data.Sql", "XapDataSql\Xap.Data.Sql.csproj", "{5E6BD79B-5D37-4E03-8345-E4CDE3164DC4}"
EndProject
Project("{FAE04EC0-301F-11D3-BF4B-00C04F79EFBC}") = "Xap.Data.Sybase", "XapDataSybase\Xap.Data.Sybase.csproj", "{6CAD1E81-37BF-4725-9442-FDA2D06C66D4}"
EndProject
Project("{FAE04EC0-301F-11D3-BF4B-00C04F79EFBC}") = "Xap.Encryption.Aes", "XapEncryptionAes\Xap.Encryption.Aes.csproj", "{12897CC2-7EBC-4ECD-83DC-307CF266688E}"
EndProject
Project("{FAE04EC0-301F-11D3-BF4B-00C04F79EFBC}") = "Xap.Encryption.Rc4", "XapEncryptionRc4\Xap.Encryption.Rc4.csproj", "{9822E833-6A6A-4CF4-AC20-59BF18E4F8B0}"
EndProject
Project("{FAE04EC0-301F-11D3-BF4B-00C04F79EFBC}") = "Xap.Encryption.TripleDes", "XapEncryptionTripleDes\Xap.Encryption.TripleDes.csproj", "{B565AD9E-0EB1-4EE6-A9F5-8D1F9B0C1F6E}"
EndProject
Project("{FAE04EC0-301F-11D3-BF4B-00C04F79EFBC}") = "Xap.Evaluation.Engine", "XapEvaluationEngine\Xap.Evaluation.Engine.csproj", "{46BF6751-B43F-49BC-9502-D42F77F5727C}"
EndProject
Project("{FAE04EC0-301F-11D3-BF4B-00C04F79EFBC}") = "Xap.Evaluation.Engine.Rules", "XapEvaluationEngineRules\Xap.Evaluation.Engine.Rules.csproj", "{37F2DED0-C6B7-4A5F-8FC8-BEF498855AD9}"
EndProject
Project("{FAE04EC0-301F-11D3-BF4B-00C04F79EFBC}") = "Xap.Logging.Text", "XapLoggingText\Xap.Logging.Text.csproj", "{8AF9E728-699C-4936-A497-6C52F250B872}"
EndProject
Project("{FAE04EC0-301F-11D3-BF4B-00C04F79EFBC}") = "Xap.Password.CyberArk", "XapPasswordCyberArk\Xap.Password.CyberArk.csproj", "{52758911-6C40-4FAE-9271-B75FE2BAFFB4}"
EndProject
Project("{FAE04EC0-301F-11D3-BF4B-00C04F79EFBC}") = "Xap.Password.Factory", "XapPasswordFactory\Xap.Password.Factory.csproj", "{B7D96B56-48B0-4D1B-9BC3-666945FDFC57}"
EndProject
Project("{FAE04EC0-301F-11D3-BF4B-00C04F79EFBC}") = "Xap.Password.Tisam", "XapPasswordTisam\Xap.Password.Tisam.csproj", "{9820BC6C-6DB4-45A4-BD8A-1C33F436DE33}"
EndProject
Project("{FAE04EC0-301F-11D3-BF4B-00C04F79EFBC}") = "Xap.Security.Default", "XapSecurityDefault\Xap.Security.Default.csproj", "{C76CFC09-397A-4600-8B5C-E7B833865EE7}"
EndProject
Project("{FAE04EC0-301F-11D3-BF4B-00C04F79EFBC}") = "Xap.Validation.Default", "XapValidationDefault\Xap.Validation.Default.csproj", "{8065BBC8-FF75-4D41-B3D6-B23920EB84A7}"
EndProject
Project("{FAE04EC0-301F-11D3-BF4B-00C04F79EFBC}") = "Xap.Web.RestRequest", "XapWebRestRequest\Xap.Web.RestRequest.csproj", "{EEBB0905-C742-4F58-BECB-8CF2081D9E87}"
EndProject
Project("{FAE04EC0-301F-11D3-BF4B-00C04F79EFBC}") = "Xap.Web.SoapRequest", "XapWebSoapRequest\Xap.Web.SoapRequest.csproj", "{AFF04745-2C8D-4963-8006-6734FE84FD8F}"
EndProject
Global
	GlobalSection(SolutionConfigurationPlatforms) = preSolution
		Debug|Any CPU = Debug|Any CPU
		Release|Any CPU = Release|Any CPU
	EndGlobalSection
	GlobalSection(ProjectConfigurationPlatforms) = postSolution
		{05F6DFD6-B5B9-4761-B63B-B601378347C1}.Debug|Any CPU.ActiveCfg = Debug|Any CPU
		{05F6DFD6-B5B9-4761-B63B-B601378347C1}.Debug|Any CPU.Build.0 = Debug|Any CPU
		{05F6DFD6-B5B9-4761-B63B-B601378347C1}.Release|Any CPU.ActiveCfg = Release|Any CPU
		{05F6DFD6-B5B9-4761-B63B-B601378347C1}.Release|Any CPU.Build.0 = Release|Any CPU
		{8A0C4BCD-2D96-4A03-A960-65DF47AACBF2}.Debug|Any CPU.ActiveCfg = Debug|Any CPU
		{8A0C4BCD-2D96-4A03-A960-65DF47AACBF2}.Debug|Any CPU.Build.0 = Debug|Any CPU
		{8A0C4BCD-2D96-4A03-A960-65DF47AACBF2}.Release|Any CPU.ActiveCfg = Release|Any CPU
		{8A0C4BCD-2D96-4A03-A960-65DF47AACBF2}.Release|Any CPU.Build.0 = Release|Any CPU
		{A6C48C0F-B5AD-4517-86E3-AAFC524A190E}.Debug|Any CPU.ActiveCfg = Debug|Any CPU
		{A6C48C0F-B5AD-4517-86E3-AAFC524A190E}.Debug|Any CPU.Build.0 = Debug|Any CPU
		{A6C48C0F-B5AD-4517-86E3-AAFC524A190E}.Release|Any CPU.ActiveCfg = Release|Any CPU
		{A6C48C0F-B5AD-4517-86E3-AAFC524A190E}.Release|Any CPU.Build.0 = Release|Any CPU
		{301B3C6B-5069-4227-92FE-C35EB4253E0D}.Debug|Any CPU.ActiveCfg = Debug|Any CPU
		{301B3C6B-5069-4227-92FE-C35EB4253E0D}.Debug|Any CPU.Build.0 = Debug|Any CPU
		{301B3C6B-5069-4227-92FE-C35EB4253E0D}.Release|Any CPU.ActiveCfg = Release|Any CPU
		{301B3C6B-5069-4227-92FE-C35EB4253E0D}.Release|Any CPU.Build.0 = Release|Any CPU
		{A29C380B-69DE-4D69-92C3-27F4B979C1E9}.Debug|Any CPU.ActiveCfg = Debug|Any CPU
		{A29C380B-69DE-4D69-92C3-27F4B979C1E9}.Debug|Any CPU.Build.0 = Debug|Any CPU
		{A29C380B-69DE-4D69-92C3-27F4B979C1E9}.Release|Any CPU.ActiveCfg = Release|Any CPU
		{A29C380B-69DE-4D69-92C3-27F4B979C1E9}.Release|Any CPU.Build.0 = Release|Any CPU
		{5E6BD79B-5D37-4E03-8345-E4CDE3164DC4}.Debug|Any CPU.ActiveCfg = Debug|Any CPU
		{5E6BD79B-5D37-4E03-8345-E4CDE3164DC4}.Debug|Any CPU.Build.0 = Debug|Any CPU
		{5E6BD79B-5D37-4E03-8345-E4CDE3164DC4}.Release|Any CPU.ActiveCfg = Release|Any CPU
		{5E6BD79B-5D37-4E03-8345-E4CDE3164DC4}.Release|Any CPU.Build.0 = Release|Any CPU
		{6CAD1E81-37BF-4725-9442-FDA2D06C66D4}.Debug|Any CPU.ActiveCfg = Debug|Any CPU
		{6CAD1E81-37BF-4725-9442-FDA2D06C66D4}.Debug|Any CPU.Build.0 = Debug|Any CPU
		{6CAD1E81-37BF-4725-9442-FDA2D06C66D4}.Release|Any CPU.ActiveCfg = Release|Any CPU
		{6CAD1E81-37BF-4725-9442-FDA2D06C66D4}.Release|Any CPU.Build.0 = Release|Any CPU
		{12897CC2-7EBC-4ECD-83DC-307CF266688E}.Debug|Any CPU.ActiveCfg = Debug|Any CPU
		{12897CC2-7EBC-4ECD-83DC-307CF266688E}.Debug|Any CPU.Build.0 = Debug|Any CPU
		{12897CC2-7EBC-4ECD-83DC-307CF266688E}.Release|Any CPU.ActiveCfg = Release|Any CPU
		{12897CC2-7EBC-4ECD-83DC-307CF266688E}.Release|Any CPU.Build.0 = Release|Any CPU
		{9822E833-6A6A-4CF4-AC20-59BF18E4F8B0}.Debug|Any CPU.ActiveCfg = Debug|Any CPU
		{9822E833-6A6A-4CF4-AC20-59BF18E4F8B0}.Debug|Any CPU.Build.0 = Debug|Any CPU
		{9822E833-6A6A-4CF4-AC20-59BF18E4F8B0}.Release|Any CPU.ActiveCfg = Release|Any CPU
		{9822E833-6A6A-4CF4-AC20-59BF18E4F8B0}.Release|Any CPU.Build.0 = Release|Any CPU
		{B565AD9E-0EB1-4EE6-A9F5-8D1F9B0C1F6E}.Debug|Any CPU.ActiveCfg = Debug|Any CPU
		{B565AD9E-0EB1-4EE6-A9F5-8D1F9B0C1F6E}.Debug|Any CPU.Build.0 = Debug|Any CPU
		{B565AD9E-0EB1-4EE6-A9F5-8D1F9B0C1F6E}.Release|Any CPU.ActiveCfg = Release|Any CPU
		{B565AD9E-0EB1-4EE6-A9F5-8D1F9B0C1F6E}.Release|Any CPU.Build.0 = Release|Any CPU
		{46BF6751-B43F-49BC-9502-D42F77F5727C}.Debug|Any CPU.ActiveCfg = Debug|Any CPU
		{46BF6751-B43F-49BC-9502-D42F77F5727C}.Debug|Any CPU.Build.0 = Debug|Any CPU
		{46BF6751-B43F-49BC-9502-D42F77F5727C}.Release|Any CPU.ActiveCfg = Release|Any CPU
		{46BF6751-B43F-49BC-9502-D42F77F5727C}.Release|Any CPU.Build.0 = Release|Any CPU
		{37F2DED0-C6B7-4A5F-8FC8-BEF498855AD9}.Debug|Any CPU.ActiveCfg = Debug|Any CPU
		{37F2DED0-C6B7-4A5F-8FC8-BEF498855AD9}.Debug|Any CPU.Build.0 = Debug|Any CPU
		{37F2DED0-C6B7-4A5F-8FC8-BEF498855AD9}.Release|Any CPU.ActiveCfg = Release|Any CPU
		{37F2DED0-C6B7-4A5F-8FC8-BEF498855AD9}.Release|Any CPU.Build.0 = Release|Any CPU
		{8AF9E728-699C-4936-A497-6C52F250B872}.Debug|Any CPU.ActiveCfg = Debug|Any CPU
		{8AF9E728-699C-4936-A497-6C52F250B872}.Debug|Any CPU.Build.0 = Debug|Any CPU
		{8AF9E728-699C-4936-A497-6C52F250B872}.Release|Any CPU.ActiveCfg = Release|Any CPU
		{8AF9E728-699C-4936-A497-6C52F250B872}.Release|Any CPU.Build.0 = Release|Any CPU
		{52758911-6C40-4FAE-9271-B75FE2BAFFB4}.Debug|Any CPU.ActiveCfg = Debug|Any CPU
		{52758911-6C40-4FAE-9271-B75FE2BAFFB4}.Debug|Any CPU.Build.0 = Debug|Any CPU
		{52758911-6C40-4FAE-9271-B75FE2BAFFB4}.Release|Any CPU.ActiveCfg = Release|Any CPU
		{52758911-6C40-4FAE-9271-B75FE2BAFFB4}.Release|Any CPU.Build.0 = Release|Any CPU
		{B7D96B56-48B0-4D1B-9BC3-666945FDFC57}.Debug|Any CPU.ActiveCfg = Debug|Any CPU
		{B7D96B56-48B0-4D1B-9BC3-666945FDFC57}.Debug|Any CPU.Build.0 = Debug|Any CPU
		{B7D96B56-48B0-4D1B-9BC3-666945FDFC57}.Release|Any CPU.ActiveCfg = Release|Any CPU
		{B7D96B56-48B0-4D1B-9BC3-666945FDFC57}.Release|Any CPU.Build.0 = Release|Any CPU
		{9820BC6C-6DB4-45A4-BD8A-1C33F436DE33}.Debug|Any CPU.ActiveCfg = Debug|Any CPU
		{9820BC6C-6DB4-45A4-BD8A-1C33F436DE33}.Debug|Any CPU.Build.0 = Debug|Any CPU
		{9820BC6C-6DB4-45A4-BD8A-1C33F436DE33}.Release|Any CPU.ActiveCfg = Release|Any CPU
		{9820BC6C-6DB4-45A4-BD8A-1C33F436DE33}.Release|Any CPU.Build.0 = Release|Any CPU
		{C76CFC09-397A-4600-8B5C-E7B833865EE7}.Debug|Any CPU.ActiveCfg = Debug|Any CPU
		{C76CFC09-397A-4600-8B5C-E7B833865EE7}.Debug|Any CPU.Build.0 = Debug|Any CPU
		{C76CFC09-397A-4600-8B5C-E7B833865EE7}.Release|Any CPU.ActiveCfg = Release|Any CPU
		{C76CFC09-397A-4600-8B5C-E7B833865EE7}.Release|Any CPU.Build.0 = Release|Any CPU
		{8065BBC8-FF75-4D41-B3D6-B23920EB84A7}.Debug|Any CPU.ActiveCfg = Debug|Any CPU
		{8065BBC8-FF75-4D41-B3D6-B23920EB84A7}.Debug|Any CPU.Build.0 = Debug|Any CPU
		{8065BBC8-FF75-4D41-B3D6-B23920EB84A7}.Release|Any CPU.ActiveCfg = Release|Any CPU
		{8065BBC8-FF75-4D41-B3D6-B23920EB84A7}.Release|Any CPU.Build.0 = Release|Any CPU
		{EEBB0905-C742-4F58-BECB-8CF2081D9E87}.Debug|Any CPU.ActiveCfg = Debug|Any CPU
		{EEBB0905-C742-4F58-BECB-8CF2081D9E87}.Debug|Any CPU.Build.0 = Debug|Any CPU
		{EEBB0905-C742-4F58-BECB-8CF2081D9E87}.Release|Any CPU.ActiveCfg = Release|Any CPU
		{EEBB0905-C742-4F58-BECB-8CF2081D9E87}.Release|Any CPU.Build.0 = Release|Any CPU
		{AFF04745-2C8D-4963-8006-6734FE84FD8F}.Debug|Any CPU.ActiveCfg = Debug|Any CPU
		{AFF04745-2C8D-4963-8006-6734FE84FD8F}.Debug|Any CPU.Build.0 = Debug|Any CPU
		{AFF04745-2C8D-4963-8006-6734FE84FD8F}.Release|Any CPU.ActiveCfg = Release|Any CPU
		{AFF04745-2C8D-4963-8006-6734FE84FD8F}.Release|Any CPU.Build.0 = Release|Any CPU
	EndGlobalSection
	GlobalSection(SolutionProperties) = preSolution
		HideSolutionNode = FALSE
	EndGlobalSection
	GlobalSection(ExtensibilityGlobals) = postSolution
		SolutionGuid = {112B3A30-22F0-41B2-97E1-9CB394D59860}
	EndGlobalSection
EndGlobal
