
Microsoft Visual Studio Solution File, Format Version 12.00
# Visual Studio 15
VisualStudioVersion = 15.0.28307.757
MinimumVisualStudioVersion = 10.0.40219.1
Project("{FAE04EC0-301F-11D3-BF4B-00C04F79EFBC}") = "Xap.Encryption.TripleDes", "Xap.Encryption.TripleDes.csproj", "{B565AD9E-0EB1-4EE6-A9F5-8D1F9B0C1F6E}"
	GlobalSection(JazzSourceControlProviderSolutionProperties) = preSolution
		SolutionIsControlled = True
		SolutionBindings = <Solution Location In Database>
	EndGlobalSection
EndProject
Project("{FAE04EC0-301F-11D3-BF4B-00C04F79EFBC}") = "Xap.Infrastructure", "..\XapInfrastructure\Xap.Infrastructure.csproj", "{05F6DFD6-B5B9-4761-B63B-B601378347C1}"
	GlobalSection(JazzSourceControlProviderSolutionProperties) = preSolution
		SolutionIsControlled = True
		SolutionBindings = <Solution Location In Database>
	EndGlobalSection
EndProject
Global
	GlobalSection(SolutionConfigurationPlatforms) = preSolution
		Debug|Any CPU = Debug|Any CPU
		Release|Any CPU = Release|Any CPU
	EndGlobalSection
	GlobalSection(ProjectConfigurationPlatforms) = postSolution
		{B565AD9E-0EB1-4EE6-A9F5-8D1F9B0C1F6E}.Debug|Any CPU.ActiveCfg = Debug|Any CPU
		{B565AD9E-0EB1-4EE6-A9F5-8D1F9B0C1F6E}.Debug|Any CPU.Build.0 = Debug|Any CPU
		{B565AD9E-0EB1-4EE6-A9F5-8D1F9B0C1F6E}.Release|Any CPU.ActiveCfg = Release|Any CPU
		{B565AD9E-0EB1-4EE6-A9F5-8D1F9B0C1F6E}.Release|Any CPU.Build.0 = Release|Any CPU
		{05F6DFD6-B5B9-4761-B63B-B601378347C1}.Debug|Any CPU.ActiveCfg = Debug|Any CPU
		{05F6DFD6-B5B9-4761-B63B-B601378347C1}.Debug|Any CPU.Build.0 = Debug|Any CPU
		{05F6DFD6-B5B9-4761-B63B-B601378347C1}.Release|Any CPU.ActiveCfg = Release|Any CPU
		{05F6DFD6-B5B9-4761-B63B-B601378347C1}.Release|Any CPU.Build.0 = Release|Any CPU
	EndGlobalSection
	GlobalSection(SolutionProperties) = preSolution
		HideSolutionNode = FALSE
	EndGlobalSection
	GlobalSection(ExtensibilityGlobals) = postSolution
		SolutionGuid = {E208CE7B-FBF4-42A1-8589-14E7E64B0FDD}
	EndGlobalSection
	GlobalSection(JazzSourceControlProviderSolutionProperties) = preSolution
		SolutionIsControlled = True
		SolutionBindings = <Solution Location In Database>
	EndGlobalSection
EndGlobal
